
Microsoft Visual Studio Solution File, Format Version 12.00
# Visual Studio 2012
Project("{E24C65DC-7377-472B-9ABA-BC803B73C61A}") = "MingriNetShop_0bca8fb6-8d27-4e6f-8c08-02c89da6c579", ".", "{B450BF12-D1A1-4A75-B781-DE5929FBC466}"
	ProjectSection(WebsiteProperties) = preProject
		TargetFrameworkMoniker = ".NETFramework,Version%3Dv4.0"
		Debug.AspNetCompiler.VirtualPath = "/NetShop"
		Debug.AspNetCompiler.PhysicalPath = "..\MingriNetShop_0bca8fb6-8d27-4e6f-8c08-02c89da6c579\"
		Debug.AspNetCompiler.TargetPath = "PrecompiledWeb\NetShop\"
		Debug.AspNetCompiler.Updateable = "true"
		Debug.AspNetCompiler.ForceOverwrite = "true"
		Debug.AspNetCompiler.FixedNames = "false"
		Debug.AspNetCompiler.Debug = "True"
		Release.AspNetCompiler.VirtualPath = "/NetShop"
		Release.AspNetCompiler.PhysicalPath = "..\MingriNetShop_0bca8fb6-8d27-4e6f-8c08-02c89da6c579\"
		Release.AspNetCompiler.TargetPath = "PrecompiledWeb\NetShop\"
		Release.AspNetCompiler.Updateable = "true"
		Release.AspNetCompiler.ForceOverwrite = "true"
		Release.AspNetCompiler.FixedNames = "false"
		Release.AspNetCompiler.Debug = "False"
		VWDPort = "16076"
	EndProjectSection
EndProject
Global
	GlobalSection(SolutionConfigurationPlatforms) = preSolution
		Debug|.NET = Debug|.NET
	EndGlobalSection
	GlobalSection(ProjectConfigurationPlatforms) = postSolution
		{B450BF12-D1A1-4A75-B781-DE5929FBC466}.Debug|.NET.ActiveCfg = Debug|Any CPU
	EndGlobalSection
	GlobalSection(SolutionProperties) = preSolution
		HideSolutionNode = FALSE
	EndGlobalSection
EndGlobal
